
Microsoft Visual Studio Solution File, Format Version 12.00
# Visual Studio Version 17
VisualStudioVersion = 17.5.33209.295
MinimumVisualStudioVersion = 10.0.40219.1
Project("{FAE04EC0-301F-11D3-BF4B-00C04F79EFBC}") = "EvtxConvert", "EvtxConvert.csproj", "{1B3BEEAB-878E-418A-9FC6-1BD984358EDC}"
EndProject
Global
	GlobalSection(SolutionConfigurationPlatforms) = preSolution
		Debug|Any CPU = Debug|Any CPU
		Release|Any CPU = Release|Any CPU
	EndGlobalSection
	GlobalSection(ProjectConfigurationPlatforms) = postSolution
		{1B3BEEAB-878E-418A-9FC6-1BD984358EDC}.Debug|Any CPU.ActiveCfg = Debug|Any CPU
		{1B3BEEAB-878E-418A-9FC6-1BD984358EDC}.Debug|Any CPU.Build.0 = Debug|Any CPU
		{1B3BEEAB-878E-418A-9FC6-1BD984358EDC}.Release|Any CPU.ActiveCfg = Release|Any CPU
		{1B3BEEAB-878E-418A-9FC6-1BD984358EDC}.Release|Any CPU.Build.0 = Release|Any CPU
	EndGlobalSection
	GlobalSection(SolutionProperties) = preSolution
		HideSolutionNode = FALSE
	EndGlobalSection
	GlobalSection(ExtensibilityGlobals) = postSolution
		SolutionGuid = {87E8341E-6443-494E-951D-29F39008ECFF}
	EndGlobalSection
EndGlobal
